// !$*UTF8*$!
{
	archiveVersion = 1;
	classes = {
	};
	objectVersion = 77;
	objects = {

/* Begin PBXBuildFile section */
		05FCEDC4448227EEF0A2C936 /* DriverHostApp.swift in Sources */ = {isa = PBXBuildFile; fileRef = 498D2E5F74CDC5EB9B62B84F /* DriverHostApp.swift */; };
		3C25B1605B80B717C67E6E87 /* K00DriverTests.swift in Sources */ = {isa = PBXBuildFile; fileRef = FAB0473A3EDA99903DAE8713 /* K00DriverTests.swift */; };
/* End PBXBuildFile section */

/* Begin PBXContainerItemProxy section */
		59BC3E50A0A9EEDD73A89B4A /* PBXContainerItemProxy */ = {
			isa = PBXContainerItemProxy;
			containerPortal = AB813E426B6033A2A0AC2AE8 /* Project object */;
			proxyType = 1;
			remoteGlobalIDString = 5E001448D1F8FBFB4E3C18CA;
			remoteInfo = DriverHost;
		};
/* End PBXContainerItemProxy section */

/* Begin PBXFileReference section */
		39C2E63F7B07C34F208F67C8 /* DriverHost.app */ = {isa = PBXFileReference; includeInIndex = 0; lastKnownFileType = wrapper.application; path = DriverHost.app; sourceTree = BUILT_PRODUCTS_DIR; };
		498D2E5F74CDC5EB9B62B84F /* DriverHostApp.swift */ = {isa = PBXFileReference; lastKnownFileType = sourcecode.swift; path = DriverHostApp.swift; sourceTree = "<group>"; };
		720E6C34D637D3A722826B9A /* Info.plist */ = {isa = PBXFileReference; lastKnownFileType = text.plist; path = Info.plist; sourceTree = "<group>"; };
		E22BACE48FE092DA99B90EC6 /* DriverUITests.xctest */ = {isa = PBXFileReference; includeInIndex = 0; lastKnownFileType = wrapper.cfbundle; path = DriverUITests.xctest; sourceTree = BUILT_PRODUCTS_DIR; };
		FAB0473A3EDA99903DAE8713 /* K00DriverTests.swift */ = {isa = PBXFileReference; lastKnownFileType = sourcecode.swift; path = K00DriverTests.swift; sourceTree = "<group>"; };
/* End PBXFileReference section */

/* Begin PBXGroup section */
		4BF1793E30B6A3A2D5D8EF36 /* DriverUITests */ = {
			isa = PBXGroup;
			children = (
				FAB0473A3EDA99903DAE8713 /* K00DriverTests.swift */,
			);
			path = DriverUITests;
			sourceTree = "<group>";
		};
		622074FE5825DCAB93CB34CE = {
			isa = PBXGroup;
			children = (
				D340EF83634F4AADFEDD915D /* DriverHost */,
				4BF1793E30B6A3A2D5D8EF36 /* DriverUITests */,
				C16D2EB107C4C6AE61406740 /* Products */,
			);
			sourceTree = "<group>";
		};
		C16D2EB107C4C6AE61406740 /* Products */ = {
			isa = PBXGroup;
			children = (
				39C2E63F7B07C34F208F67C8 /* DriverHost.app */,
				E22BACE48FE092DA99B90EC6 /* DriverUITests.xctest */,
			);
			name = Products;
			sourceTree = "<group>";
		};
		D340EF83634F4AADFEDD915D /* DriverHost */ = {
			isa = PBXGroup;
			children = (
				498D2E5F74CDC5EB9B62B84F /* DriverHostApp.swift */,
				720E6C34D637D3A722826B9A /* Info.plist */,
			);
			path = DriverHost;
			sourceTree = "<group>";
		};
/* End PBXGroup section */

/* Begin PBXNativeTarget section */
		5E001448D1F8FBFB4E3C18CA /* DriverHost */ = {
			isa = PBXNativeTarget;
			buildConfigurationList = 1AB4148B0CCB8E152DB87D38 /* Build configuration list for PBXNativeTarget "DriverHost" */;
			buildPhases = (
				0A055DF0446104AB7C65CD40 /* Sources */,
			);
			buildRules = (
			);
			dependencies = (
			);
			name = DriverHost;
			packageProductDependencies = (
			);
			productName = DriverHost;
			productReference = 39C2E63F7B07C34F208F67C8 /* DriverHost.app */;
			productType = "com.apple.product-type.application";
		};
		FF07ED1C603A4FA2013B3FCB /* DriverUITests */ = {
			isa = PBXNativeTarget;
			buildConfigurationList = 73F8156C5D3D836268EE63D8 /* Build configuration list for PBXNativeTarget "DriverUITests" */;
			buildPhases = (
				532AF86994AEA61238D76FEF /* Sources */,
			);
			buildRules = (
			);
			dependencies = (
				3AE6A8B628B8AAD4FEF3DF24 /* PBXTargetDependency */,
			);
			name = DriverUITests;
			packageProductDependencies = (
			);
			productName = DriverUITests;
			productReference = E22BACE48FE092DA99B90EC6 /* DriverUITests.xctest */;
			productType = "com.apple.product-type.bundle.ui-testing";
		};
/* End PBXNativeTarget section */

/* Begin PBXProject section */
		AB813E426B6033A2A0AC2AE8 /* Project object */ = {
			isa = PBXProject;
			attributes = {
				BuildIndependentTargetsInParallel = YES;
				LastUpgradeCheck = 1500;
				TargetAttributes = {
					5E001448D1F8FBFB4E3C18CA = {
						ProvisioningStyle = Automatic;
					};
					FF07ED1C603A4FA2013B3FCB = {
						ProvisioningStyle = Automatic;
						TestTargetID = 5E001448D1F8FBFB4E3C18CA;
					};
				};
			};
			buildConfigurationList = AD458234031E2E81A703E5A5 /* Build configuration list for PBXProject "VoiceKernelDriver" */;
			developmentRegion = en;
			hasScannedForEncodings = 0;
			knownRegions = (
				Base,
				en,
			);
			mainGroup = 622074FE5825DCAB93CB34CE;
			minimizedProjectReferenceProxies = 1;
			preferredProjectObjectVersion = 77;
			productRefGroup = C16D2EB107C4C6AE61406740 /* Products */;
			projectDirPath = "";
			projectRoot = "";
			targets = (
				5E001448D1F8FBFB4E3C18CA /* DriverHost */,
				FF07ED1C603A4FA2013B3FCB /* DriverUITests */,
			);
		};
/* End PBXProject section */

/* Begin PBXSourcesBuildPhase section */
		0A055DF0446104AB7C65CD40 /* Sources */ = {
			isa = PBXSourcesBuildPhase;
			buildActionMask = 2147483647;
			files = (
				05FCEDC4448227EEF0A2C936 /* DriverHostApp.swift in Sources */,
			);
			runOnlyForDeploymentPostprocessing = 0;
		};
		532AF86994AEA61238D76FEF /* Sources */ = {
			isa = PBXSourcesBuildPhase;
			buildActionMask = 2147483647;
			files = (
				3C25B1605B80B717C67E6E87 /* K00DriverTests.swift in Sources */,
			);
			runOnlyForDeploymentPostprocessing = 0;
		};
/* End PBXSourcesBuildPhase section */

/* Begin PBXTargetDependency section */
		3AE6A8B628B8AAD4FEF3DF24 /* PBXTargetDependency */ = {
			isa = PBXTargetDependency;
			target = 5E001448D1F8FBFB4E3C18CA /* DriverHost */;
			targetProxy = 59BC3E50A0A9EEDD73A89B4A /* PBXContainerItemProxy */;
		};
/* End PBXTargetDependency section */

/* Begin XCBuildConfiguration section */
		06F1F98317EC28FCD24D5FA5 /* Release */ = {
			isa = XCBuildConfiguration;
			buildSettings = {
				ALWAYS_SEARCH_USER_PATHS = NO;
				CLANG_ANALYZER_NONNULL = YES;
				CLANG_ANALYZER_NUMBER_OBJECT_CONVERSION = YES_AGGRESSIVE;
				CLANG_CXX_LANGUAGE_STANDARD = "gnu++14";
				CLANG_CXX_LIBRARY = "libc++";
				CLANG_ENABLE_MODULES = YES;
				CLANG_ENABLE_OBJC_ARC = YES;
				CLANG_ENABLE_OBJC_WEAK = YES;
				CLANG_WARN_BLOCK_CAPTURE_AUTORELEASING = YES;
				CLANG_WARN_BOOL_CONVERSION = YES;
				CLANG_WARN_COMMA = YES;
				CLANG_WARN_CONSTANT_CONVERSION = YES;
				CLANG_WARN_DEPRECATED_OBJC_IMPLEMENTATIONS = YES;
				CLANG_WARN_DIRECT_OBJC_ISA_USAGE = YES_ERROR;
				CLANG_WARN_DOCUMENTATION_COMMENTS = YES;
				CLANG_WARN_EMPTY_BODY = YES;
				CLANG_WARN_ENUM_CONVERSION = YES;
				CLANG_WARN_INFINITE_RECURSION = YES;
				CLANG_WARN_INT_CONVERSION = YES;
				CLANG_WARN_NON_LITERAL_NULL_CONVERSION = YES;
				CLANG_WARN_OBJC_IMPLICIT_RETAIN_SELF = YES;
				CLANG_WARN_OBJC_LITERAL_CONVERSION = YES;
				CLANG_WARN_OBJC_ROOT_CLASS = YES_ERROR;
				CLANG_WARN_QUOTED_INCLUDE_IN_FRAMEWORK_HEADER = YES;
				CLANG_WARN_RANGE_LOOP_ANALYSIS = YES;
				CLANG_WARN_STRICT_PROTOTYPES = YES;
				CLANG_WARN_SUSPICIOUS_MOVE = YES;
				CLANG_WARN_UNGUARDED_AVAILABILITY = YES_AGGRESSIVE;
				CLANG_WARN_UNREACHABLE_CODE = YES;
				CLANG_WARN__DUPLICATE_METHOD_MATCH = YES;
				COPY_PHASE_STRIP = NO;
				DEBUG_INFORMATION_FORMAT = "dwarf-with-dsym";
				ENABLE_NS_ASSERTIONS = NO;
				ENABLE_STRICT_OBJC_MSGSEND = YES;
				GCC_C_LANGUAGE_STANDARD = gnu11;
				GCC_NO_COMMON_BLOCKS = YES;
				GCC_WARN_64_TO_32_BIT_CONVERSION = YES;
				GCC_WARN_ABOUT_RETURN_TYPE = YES_ERROR;
				GCC_WARN_UNDECLARED_SELECTOR = YES;
				GCC_WARN_UNINITIALIZED_AUTOS = YES_AGGRESSIVE;
				GCC_WARN_UNUSED_FUNCTION = YES;
				GCC_WARN_UNUSED_VARIABLE = YES;
				IPHONEOS_DEPLOYMENT_TARGET = 16.0;
				MTL_ENABLE_DEBUG_INFO = NO;
				MTL_FAST_MATH = YES;
				PRODUCT_NAME = "$(TARGET_NAME)";
				SDKROOT = iphoneos;
				SWIFT_COMPILATION_MODE = wholemodule;
				SWIFT_OPTIMIZATION_LEVEL = "-O";
				SWIFT_VERSION = 5.0;
			};
			name = Release;
		};
		36525AE606C028971484DCD3 /* Release */ = {
			isa = XCBuildConfiguration;
			buildSettings = {
				ASSETCATALOG_COMPILER_APPICON_NAME = AppIcon;
				CODE_SIGN_IDENTITY = "iPhone Developer";
				CODE_SIGN_STYLE = Automatic;
				INFOPLIST_FILE = DriverHost/Info.plist;
				LD_RUNPATH_SEARCH_PATHS = (
					"$(inherited)",
					"@executable_path/Frameworks",
				);
				PRODUCT_BUNDLE_IDENTIFIER = life.soullab.voicekernel.driverhost;
				SDKROOT = iphoneos;
				SWIFT_VERSION = 5.9;
				TARGETED_DEVICE_FAMILY = 1;
			};
			name = Release;
		};
		38256328FDE39E90E486466C /* Debug */ = {
			isa = XCBuildConfiguration;
			buildSettings = {
				ASSETCATALOG_COMPILER_APPICON_NAME = AppIcon;
				CODE_SIGN_IDENTITY = "iPhone Developer";
				CODE_SIGN_STYLE = Automatic;
				INFOPLIST_FILE = DriverHost/Info.plist;
				LD_RUNPATH_SEARCH_PATHS = (
					"$(inherited)",
					"@executable_path/Frameworks",
				);
				PRODUCT_BUNDLE_IDENTIFIER = life.soullab.voicekernel.driverhost;
				SDKROOT = iphoneos;
				SWIFT_VERSION = 5.9;
				TARGETED_DEVICE_FAMILY = 1;
			};
			name = Debug;
		};
		61A65AE11F7E5E7C6103DAE6 /* Release */ = {
			isa = XCBuildConfiguration;
			buildSettings = {
				BUNDLE_LOADER = "$(TEST_HOST)";
				CODE_SIGN_STYLE = Automatic;
				GENERATE_INFOPLIST_FILE = YES;
				LD_RUNPATH_SEARCH_PATHS = (
					"$(inherited)",
					"@executable_path/Frameworks",
					"@loader_path/Frameworks",
				);
				PRODUCT_BUNDLE_IDENTIFIER = life.soullab.voicekernel.driver.xctest;
				SDKROOT = iphoneos;
				SWIFT_VERSION = 5.9;
				TARGETED_DEVICE_FAMILY = 1;
				TEST_TARGET_NAME = DriverHost;
			};
			name = Release;
		};
		8DB3855D9D6A752C6384624D /* Debug */ = {
			isa = XCBuildConfiguration;
			buildSettings = {
				BUNDLE_LOADER = "$(TEST_HOST)";
				CODE_SIGN_STYLE = Automatic;
				GENERATE_INFOPLIST_FILE = YES;
				LD_RUNPATH_SEARCH_PATHS = (
					"$(inherited)",
					"@executable_path/Frameworks",
					"@loader_path/Frameworks",
				);
				PRODUCT_BUNDLE_IDENTIFIER = life.soullab.voicekernel.driver.xctest;
				SDKROOT = iphoneos;
				SWIFT_VERSION = 5.9;
				TARGETED_DEVICE_FAMILY = 1;
				TEST_TARGET_NAME = DriverHost;
			};
			name = Debug;
		};
		B99F3D325AC99F8ECFB03279 /* Debug */ = {
			isa = XCBuildConfiguration;
			buildSettings = {
				ALWAYS_SEARCH_USER_PATHS = NO;
				CLANG_ANALYZER_NONNULL = YES;
				CLANG_ANALYZER_NUMBER_OBJECT_CONVERSION = YES_AGGRESSIVE;
				CLANG_CXX_LANGUAGE_STANDARD = "gnu++14";
				CLANG_CXX_LIBRARY = "libc++";
				CLANG_ENABLE_MODULES = YES;
				CLANG_ENABLE_OBJC_ARC = YES;
				CLANG_ENABLE_OBJC_WEAK = YES;
				CLANG_WARN_BLOCK_CAPTURE_AUTORELEASING = YES;
				CLANG_WARN_BOOL_CONVERSION = YES;
				CLANG_WARN_COMMA = YES;
				CLANG_WARN_CONSTANT_CONVERSION = YES;
				CLANG_WARN_DEPRECATED_OBJC_IMPLEMENTATIONS = YES;
				CLANG_WARN_DIRECT_OBJC_ISA_USAGE = YES_ERROR;
				CLANG_WARN_DOCUMENTATION_COMMENTS = YES;
				CLANG_WARN_EMPTY_BODY = YES;
				CLANG_WARN_ENUM_CONVERSION = YES;
				CLANG_WARN_INFINITE_RECURSION = YES;
				CLANG_WARN_INT_CONVERSION = YES;
				CLANG_WARN_NON_LITERAL_NULL_CONVERSION = YES;
				CLANG_WARN_OBJC_IMPLICIT_RETAIN_SELF = YES;
				CLANG_WARN_OBJC_LITERAL_CONVERSION = YES;
				CLANG_WARN_OBJC_ROOT_CLASS = YES_ERROR;
				CLANG_WARN_QUOTED_INCLUDE_IN_FRAMEWORK_HEADER = YES;
				CLANG_WARN_RANGE_LOOP_ANALYSIS = YES;
				CLANG_WARN_STRICT_PROTOTYPES = YES;
				CLANG_WARN_SUSPICIOUS_MOVE = YES;
				CLANG_WARN_UNGUARDED_AVAILABILITY = YES_AGGRESSIVE;
				CLANG_WARN_UNREACHABLE_CODE = YES;
				CLANG_WARN__DUPLICATE_METHOD_MATCH = YES;
				COPY_PHASE_STRIP = NO;
				DEBUG_INFORMATION_FORMAT = dwarf;
				ENABLE_STRICT_OBJC_MSGSEND = YES;
				ENABLE_TESTABILITY = YES;
				GCC_C_LANGUAGE_STANDARD = gnu11;
				GCC_DYNAMIC_NO_PIC = NO;
				GCC_NO_COMMON_BLOCKS = YES;
				GCC_OPTIMIZATION_LEVEL = 0;
				GCC_PREPROCESSOR_DEFINITIONS = (
					"$(inherited)",
					"DEBUG=1",
				);
				GCC_WARN_64_TO_32_BIT_CONVERSION = YES;
				GCC_WARN_ABOUT_RETURN_TYPE = YES_ERROR;
				GCC_WARN_UNDECLARED_SELECTOR = YES;
				GCC_WARN_UNINITIALIZED_AUTOS = YES_AGGRESSIVE;
				GCC_WARN_UNUSED_FUNCTION = YES;
				GCC_WARN_UNUSED_VARIABLE = YES;
				IPHONEOS_DEPLOYMENT_TARGET = 16.0;
				MTL_ENABLE_DEBUG_INFO = INCLUDE_SOURCE;
				MTL_FAST_MATH = YES;
				ONLY_ACTIVE_ARCH = YES;
				PRODUCT_NAME = "$(TARGET_NAME)";
				SDKROOT = iphoneos;
				SWIFT_ACTIVE_COMPILATION_CONDITIONS = DEBUG;
				SWIFT_OPTIMIZATION_LEVEL = "-Onone";
				SWIFT_VERSION = 5.0;
			};
			name = Debug;
		};
/* End XCBuildConfiguration section */

/* Begin XCConfigurationList section */
		1AB4148B0CCB8E152DB87D38 /* Build configuration list for PBXNativeTarget "DriverHost" */ = {
			isa = XCConfigurationList;
			buildConfigurations = (
				38256328FDE39E90E486466C /* Debug */,
				36525AE606C028971484DCD3 /* Release */,
			);
			defaultConfigurationIsVisible = 0;
			defaultConfigurationName = Debug;
		};
		73F8156C5D3D836268EE63D8 /* Build configuration list for PBXNativeTarget "DriverUITests" */ = {
			isa = XCConfigurationList;
			buildConfigurations = (
				8DB3855D9D6A752C6384624D /* Debug */,
				61A65AE11F7E5E7C6103DAE6 /* Release */,
			);
			defaultConfigurationIsVisible = 0;
			defaultConfigurationName = Debug;
		};
		AD458234031E2E81A703E5A5 /* Build configuration list for PBXProject "VoiceKernelDriver" */ = {
			isa = XCConfigurationList;
			buildConfigurations = (
				B99F3D325AC99F8ECFB03279 /* Debug */,
				06F1F98317EC28FCD24D5FA5 /* Release */,
			);
			defaultConfigurationIsVisible = 0;
			defaultConfigurationName = Debug;
		};
/* End XCConfigurationList section */
	};
	rootObject = AB813E426B6033A2A0AC2AE8 /* Project object */;
}
