PODS:
  - Capacitor (7.4.4):
    - CapacitorCordova
  - CapacitorCordova (7.4.4)
  - CapacitorHealthkit (0.1.3):
    - Capacitor

DEPENDENCIES:
  - "Capacitor (from `../../node_modules/@capacitor/ios`)"
  - "CapacitorCordova (from `../../node_modules/@capacitor/ios`)"
  - CapacitorHealthkit (from `../../node_modules/capacitor-healthkit`)

EXTERNAL SOURCES:
  Capacitor:
    :path: "../../node_modules/@capacitor/ios"
  CapacitorCordova:
    :path: "../../node_modules/@capacitor/ios"
  CapacitorHealthkit:
    :path: "../../node_modules/capacitor-healthkit"

SPEC CHECKSUMS:
  Capacitor: 358dd1c3fdd71d969547b17e159fd8a7736cb45f
  CapacitorCordova: bf648a636f3c153f652d312ae145fb508b6ffced
  CapacitorHealthkit: 3fd80dcce469e65aec3d36f89d7d7e94c317381c

PODFILE CHECKSUM: 799cd6a6de094a0d26c4d734b63fdd39b40e440b

COCOAPODS: 1.16.2
